{
  "name": "ui",
  "lockfileVersion": 3,
  "requires": true,
  "packages": {
    "": {
      "dependencies": {
        "marked": "^18.0.2"
      }
    },
    "node_modules/marked": {
      "version": "18.0.2",
      "resolved": "https://registry.npmjs.org/marked/-/marked-18.0.2.tgz",
      "integrity": "sha512-NsmlUYBS/Zg57rgDWMYdnre6OTj4e+qq/JS2ot3KrYLSoHLw+sDu0Nm1ZGpRgYAq6c+b1ekaY5NzVchMCQnzcg==",
      "license": "MIT",
      "bin": {
        "marked": "bin/marked.js"
      },
      "engines": {
        "node": ">= 20"
      }
    }
  }
}
